
Microsoft Visual Studio Solution File, Format Version 12.00
# Visual Studio 15
VisualStudioVersion = 15.0.27703.2026
MinimumVisualStudioVersion = 10.0.40219.1
Project("{FAE04EC0-301F-11D3-BF4B-00C04F79EFBC}") = "InstaWeb", "InstaWeb\InstaWeb.csproj", "{130A01F5-464D-4577-9340-2392510B46BE}"
EndProject
Global
	GlobalSection(SolutionConfigurationPlatforms) = preSolution
		Debug|Any CPU = Debug|Any CPU
		Release|Any CPU = Release|Any CPU
	EndGlobalSection
	GlobalSection(ProjectConfigurationPlatforms) = postSolution
		{130A01F5-464D-4577-9340-2392510B46BE}.Debug|Any CPU.ActiveCfg = Debug|Any CPU
		{130A01F5-464D-4577-9340-2392510B46BE}.Debug|Any CPU.Build.0 = Debug|Any CPU
		{130A01F5-464D-4577-9340-2392510B46BE}.Release|Any CPU.ActiveCfg = Release|Any CPU
		{130A01F5-464D-4577-9340-2392510B46BE}.Release|Any CPU.Build.0 = Release|Any CPU
	EndGlobalSection
	GlobalSection(SolutionProperties) = preSolution
		HideSolutionNode = FALSE
	EndGlobalSection
	GlobalSection(ExtensibilityGlobals) = postSolution
		SolutionGuid = {20457A0E-3A57-46DD-81A8-01650431CABE}
	EndGlobalSection
EndGlobal
